
Microsoft Visual Studio Solution File, Format Version 12.00
# Visual Studio Version 16
VisualStudioVersion = 16.0.32630.194
MinimumVisualStudioVersion = 10.0.40219.1
Project("{FAE04EC0-301F-11D3-BF4B-00C04F79EFBC}") = "EmployeeAPIDemo_New", "EmployeeAPIDemo_New\EmployeeAPIDemo_New.csproj", "{0B743571-7FED-4B69-96E5-188C4D577ED1}"
EndProject
Project("{2150E333-8FDC-42A3-9474-1A3956D46DE8}") = "Solution Items", "Solution Items", "{EA00A450-D39D-4664-B005-D62BF309CF34}"
	ProjectSection(SolutionItems) = preProject
		.editorconfig = .editorconfig
	EndProjectSection
EndProject
Global
	GlobalSection(SolutionConfigurationPlatforms) = preSolution
		Debug|Any CPU = Debug|Any CPU
		Release|Any CPU = Release|Any CPU
	EndGlobalSection
	GlobalSection(ProjectConfigurationPlatforms) = postSolution
		{0B743571-7FED-4B69-96E5-188C4D577ED1}.Debug|Any CPU.ActiveCfg = Debug|Any CPU
		{0B743571-7FED-4B69-96E5-188C4D577ED1}.Debug|Any CPU.Build.0 = Debug|Any CPU
		{0B743571-7FED-4B69-96E5-188C4D577ED1}.Release|Any CPU.ActiveCfg = Release|Any CPU
		{0B743571-7FED-4B69-96E5-188C4D577ED1}.Release|Any CPU.Build.0 = Release|Any CPU
	EndGlobalSection
	GlobalSection(SolutionProperties) = preSolution
		HideSolutionNode = FALSE
	EndGlobalSection
	GlobalSection(ExtensibilityGlobals) = postSolution
		SolutionGuid = {7FF25E0C-67B8-4DB5-BF3A-6E7498E92197}
	EndGlobalSection
EndGlobal
